
Microsoft Visual Studio Solution File, Format Version 12.00
# Visual Studio Version 17
VisualStudioVersion = 17.3.32825.248
MinimumVisualStudioVersion = 10.0.40219.1
Project("{FAE04EC0-301F-11D3-BF4B-00C04F79EFBC}") = "01 - Welcome", "01 - Welcome\01 - Welcome.csproj", "{B3985B5E-4239-4121-B402-093FFE0C382B}"
EndProject
Project("{FAE04EC0-301F-11D3-BF4B-00C04F79EFBC}") = "02-CalculatingWins", "02-CalculatingWins\02-CalculatingWins.csproj", "{A486B9C6-15E0-43EA-B6FF-E01E92D23EB4}"
EndProject
Project("{FAE04EC0-301F-11D3-BF4B-00C04F79EFBC}") = "03-CreatingAProject", "03-CreatingAProject\03-CreatingAProject.csproj", "{5F76E66D-6F48-4C88-8EA2-D9438255BCB4}"
EndProject
Project("{FAE04EC0-301F-11D3-BF4B-00C04F79EFBC}") = "04-CardNumbers", "04-CardNumbers\04-CardNumbers.csproj", "{FD1FA9A8-BFCF-4920-95FA-71DB5D59C50C}"
EndProject
Project("{FAE04EC0-301F-11D3-BF4B-00C04F79EFBC}") = "05-SocialNetwork", "05-SocialNetwork\05-SocialNetwork.csproj", "{55F59810-F39E-46D7-AE79-45F908E4D428}"
EndProject
Project("{FAE04EC0-301F-11D3-BF4B-00C04F79EFBC}") = "06-SolveThePuzzle", "06-SolveThePuzzle\06-SolveThePuzzle.csproj", "{322501EC-6884-443F-BCFE-4519E28449A8}"
EndProject
Project("{FAE04EC0-301F-11D3-BF4B-00C04F79EFBC}") = "07-OnlyTheEvens", "07-OnlyTheEvens\07-OnlyTheEvens.csproj", "{79131ECF-9687-453F-8A3A-74A9A2D4DFAF}"
EndProject
Project("{FAE04EC0-301F-11D3-BF4B-00C04F79EFBC}") = "08-ArrayToTable", "08-ArrayToTable\08-ArrayToTable.csproj", "{4DD1502D-2A2E-4060-A400-FEB8D60130A1}"
EndProject
Project("{FAE04EC0-301F-11D3-BF4B-00C04F79EFBC}") = "09-QualifiyingForTheOlympics", "09-QualifiyingForTheOlympics\09-QualifiyingForTheOlympics.csproj", "{AFD74AC5-DB93-43A2-ACBB-FC32C864E377}"
EndProject
Project("{FAE04EC0-301F-11D3-BF4B-00C04F79EFBC}") = "10-MaximumAndMinimum", "10-MaximumAndMinimum\10-MaximumAndMinimum.csproj", "{DDE9CC39-3140-4075-8F3B-8D89EF8EB707}"
EndProject
Project("{FAE04EC0-301F-11D3-BF4B-00C04F79EFBC}") = "11-PasswordRules", "11-PasswordRules\11-PasswordRules.csproj", "{D88676A7-6200-444E-AEBC-4F4DF79B5E7D}"
EndProject
Project("{FAE04EC0-301F-11D3-BF4B-00C04F79EFBC}") = "12-Words", "12-Words\12-Words.csproj", "{0EDAEC1A-8F31-4E97-AF46-2463C7EBC36D}"
EndProject
Project("{FAE04EC0-301F-11D3-BF4B-00C04F79EFBC}") = "13-WhoWon", "13-WhoWon\13-WhoWon.csproj", "{A09BB3E0-5EC6-4158-A2A3-A0C84B48E630}"
EndProject
Project("{FAE04EC0-301F-11D3-BF4B-00C04F79EFBC}") = "14-GrowYourBusiness", "14-GrowYourBusiness\14-GrowYourBusiness.csproj", "{BE2DEE32-6C8E-411D-A5B4-C6881396C7CA}"
EndProject
Global
	GlobalSection(SolutionConfigurationPlatforms) = preSolution
		Debug|Any CPU = Debug|Any CPU
		Release|Any CPU = Release|Any CPU
	EndGlobalSection
	GlobalSection(ProjectConfigurationPlatforms) = postSolution
		{B3985B5E-4239-4121-B402-093FFE0C382B}.Debug|Any CPU.ActiveCfg = Debug|Any CPU
		{B3985B5E-4239-4121-B402-093FFE0C382B}.Debug|Any CPU.Build.0 = Debug|Any CPU
		{B3985B5E-4239-4121-B402-093FFE0C382B}.Release|Any CPU.ActiveCfg = Release|Any CPU
		{B3985B5E-4239-4121-B402-093FFE0C382B}.Release|Any CPU.Build.0 = Release|Any CPU
		{A486B9C6-15E0-43EA-B6FF-E01E92D23EB4}.Debug|Any CPU.ActiveCfg = Debug|Any CPU
		{A486B9C6-15E0-43EA-B6FF-E01E92D23EB4}.Debug|Any CPU.Build.0 = Debug|Any CPU
		{A486B9C6-15E0-43EA-B6FF-E01E92D23EB4}.Release|Any CPU.ActiveCfg = Release|Any CPU
		{A486B9C6-15E0-43EA-B6FF-E01E92D23EB4}.Release|Any CPU.Build.0 = Release|Any CPU
		{5F76E66D-6F48-4C88-8EA2-D9438255BCB4}.Debug|Any CPU.ActiveCfg = Debug|Any CPU
		{5F76E66D-6F48-4C88-8EA2-D9438255BCB4}.Debug|Any CPU.Build.0 = Debug|Any CPU
		{5F76E66D-6F48-4C88-8EA2-D9438255BCB4}.Release|Any CPU.ActiveCfg = Release|Any CPU
		{5F76E66D-6F48-4C88-8EA2-D9438255BCB4}.Release|Any CPU.Build.0 = Release|Any CPU
		{FD1FA9A8-BFCF-4920-95FA-71DB5D59C50C}.Debug|Any CPU.ActiveCfg = Debug|Any CPU
		{FD1FA9A8-BFCF-4920-95FA-71DB5D59C50C}.Debug|Any CPU.Build.0 = Debug|Any CPU
		{FD1FA9A8-BFCF-4920-95FA-71DB5D59C50C}.Release|Any CPU.ActiveCfg = Release|Any CPU
		{FD1FA9A8-BFCF-4920-95FA-71DB5D59C50C}.Release|Any CPU.Build.0 = Release|Any CPU
		{55F59810-F39E-46D7-AE79-45F908E4D428}.Debug|Any CPU.ActiveCfg = Debug|Any CPU
		{55F59810-F39E-46D7-AE79-45F908E4D428}.Debug|Any CPU.Build.0 = Debug|Any CPU
		{55F59810-F39E-46D7-AE79-45F908E4D428}.Release|Any CPU.ActiveCfg = Release|Any CPU
		{55F59810-F39E-46D7-AE79-45F908E4D428}.Release|Any CPU.Build.0 = Release|Any CPU
		{322501EC-6884-443F-BCFE-4519E28449A8}.Debug|Any CPU.ActiveCfg = Debug|Any CPU
		{322501EC-6884-443F-BCFE-4519E28449A8}.Debug|Any CPU.Build.0 = Debug|Any CPU
		{322501EC-6884-443F-BCFE-4519E28449A8}.Release|Any CPU.ActiveCfg = Release|Any CPU
		{322501EC-6884-443F-BCFE-4519E28449A8}.Release|Any CPU.Build.0 = Release|Any CPU
		{79131ECF-9687-453F-8A3A-74A9A2D4DFAF}.Debug|Any CPU.ActiveCfg = Debug|Any CPU
		{79131ECF-9687-453F-8A3A-74A9A2D4DFAF}.Debug|Any CPU.Build.0 = Debug|Any CPU
		{79131ECF-9687-453F-8A3A-74A9A2D4DFAF}.Release|Any CPU.ActiveCfg = Release|Any CPU
		{79131ECF-9687-453F-8A3A-74A9A2D4DFAF}.Release|Any CPU.Build.0 = Release|Any CPU
		{4DD1502D-2A2E-4060-A400-FEB8D60130A1}.Debug|Any CPU.ActiveCfg = Debug|Any CPU
		{4DD1502D-2A2E-4060-A400-FEB8D60130A1}.Debug|Any CPU.Build.0 = Debug|Any CPU
		{4DD1502D-2A2E-4060-A400-FEB8D60130A1}.Release|Any CPU.ActiveCfg = Release|Any CPU
		{4DD1502D-2A2E-4060-A400-FEB8D60130A1}.Release|Any CPU.Build.0 = Release|Any CPU
		{AFD74AC5-DB93-43A2-ACBB-FC32C864E377}.Debug|Any CPU.ActiveCfg = Debug|Any CPU
		{AFD74AC5-DB93-43A2-ACBB-FC32C864E377}.Debug|Any CPU.Build.0 = Debug|Any CPU
		{AFD74AC5-DB93-43A2-ACBB-FC32C864E377}.Release|Any CPU.ActiveCfg = Release|Any CPU
		{AFD74AC5-DB93-43A2-ACBB-FC32C864E377}.Release|Any CPU.Build.0 = Release|Any CPU
		{DDE9CC39-3140-4075-8F3B-8D89EF8EB707}.Debug|Any CPU.ActiveCfg = Debug|Any CPU
		{DDE9CC39-3140-4075-8F3B-8D89EF8EB707}.Debug|Any CPU.Build.0 = Debug|Any CPU
		{DDE9CC39-3140-4075-8F3B-8D89EF8EB707}.Release|Any CPU.ActiveCfg = Release|Any CPU
		{DDE9CC39-3140-4075-8F3B-8D89EF8EB707}.Release|Any CPU.Build.0 = Release|Any CPU
		{D88676A7-6200-444E-AEBC-4F4DF79B5E7D}.Debug|Any CPU.ActiveCfg = Debug|Any CPU
		{D88676A7-6200-444E-AEBC-4F4DF79B5E7D}.Debug|Any CPU.Build.0 = Debug|Any CPU
		{D88676A7-6200-444E-AEBC-4F4DF79B5E7D}.Release|Any CPU.ActiveCfg = Release|Any CPU
		{D88676A7-6200-444E-AEBC-4F4DF79B5E7D}.Release|Any CPU.Build.0 = Release|Any CPU
		{0EDAEC1A-8F31-4E97-AF46-2463C7EBC36D}.Debug|Any CPU.ActiveCfg = Debug|Any CPU
		{0EDAEC1A-8F31-4E97-AF46-2463C7EBC36D}.Debug|Any CPU.Build.0 = Debug|Any CPU
		{0EDAEC1A-8F31-4E97-AF46-2463C7EBC36D}.Release|Any CPU.ActiveCfg = Release|Any CPU
		{0EDAEC1A-8F31-4E97-AF46-2463C7EBC36D}.Release|Any CPU.Build.0 = Release|Any CPU
		{A09BB3E0-5EC6-4158-A2A3-A0C84B48E630}.Debug|Any CPU.ActiveCfg = Debug|Any CPU
		{A09BB3E0-5EC6-4158-A2A3-A0C84B48E630}.Debug|Any CPU.Build.0 = Debug|Any CPU
		{A09BB3E0-5EC6-4158-A2A3-A0C84B48E630}.Release|Any CPU.ActiveCfg = Release|Any CPU
		{A09BB3E0-5EC6-4158-A2A3-A0C84B48E630}.Release|Any CPU.Build.0 = Release|Any CPU
		{BE2DEE32-6C8E-411D-A5B4-C6881396C7CA}.Debug|Any CPU.ActiveCfg = Debug|Any CPU
		{BE2DEE32-6C8E-411D-A5B4-C6881396C7CA}.Debug|Any CPU.Build.0 = Debug|Any CPU
		{BE2DEE32-6C8E-411D-A5B4-C6881396C7CA}.Release|Any CPU.ActiveCfg = Release|Any CPU
		{BE2DEE32-6C8E-411D-A5B4-C6881396C7CA}.Release|Any CPU.Build.0 = Release|Any CPU
	EndGlobalSection
	GlobalSection(SolutionProperties) = preSolution
		HideSolutionNode = FALSE
	EndGlobalSection
	GlobalSection(ExtensibilityGlobals) = postSolution
		SolutionGuid = {4491C7D0-93DA-460E-AF87-C42C33E8A2B9}
	EndGlobalSection
EndGlobal
